# THIS IS AN AUTOGENERATED FILE. DO NOT EDIT THIS FILE DIRECTLY.
# yarn lockfile v1


asn1@^0.2.4:
  version "0.2.4"
  resolved "https://registry.yarnpkg.com/asn1/-/asn1-0.2.4.tgz#8d2475dfab553bb33e77b54e59e880bb8ce23136"
  dependencies:
    safer-buffer "~2.1.0"

crypto-js@^3.1.9-1:
  version "3.2.1"
  resolved "https://registry.yarnpkg.com/crypto-js/-/crypto-js-3.2.1.tgz#9408ed6695905ae97e05e8a6ca11937819b216a7"

node-rsa@^1.0.5:
  version "1.0.5"
  resolved "https://registry.yarnpkg.com/node-rsa/-/node-rsa-1.0.5.tgz#854dc1b275729d69bc25883f83ca80705db9262e"
  dependencies:
    asn1 "^0.2.4"

safer-buffer@~2.1.0:
  version "2.1.2"
  resolved "https://registry.yarnpkg.com/safer-buffer/-/safer-buffer-2.1.2.tgz#44fa161b0187b9549dd84bb91802f9bd8385cd6a"
